
Microsoft Visual Studio Solution File, Format Version 12.00
# Visual Studio Version 17
VisualStudioVersion = 17.4.33213.308
MinimumVisualStudioVersion = 10.0.40219.1
Project("{FAE04EC0-301F-11D3-BF4B-00C04F79EFBC}") = "Teste Posto de Combustível", "Teste Posto de Combustível\Teste Posto de Combustível.csproj", "{061D5CAF-3922-43AE-B0E5-B24FB906B92C}"
EndProject
Global
	GlobalSection(SolutionConfigurationPlatforms) = preSolution
		Debug|Any CPU = Debug|Any CPU
		Release|Any CPU = Release|Any CPU
	EndGlobalSection
	GlobalSection(ProjectConfigurationPlatforms) = postSolution
		{061D5CAF-3922-43AE-B0E5-B24FB906B92C}.Debug|Any CPU.ActiveCfg = Debug|Any CPU
		{061D5CAF-3922-43AE-B0E5-B24FB906B92C}.Debug|Any CPU.Build.0 = Debug|Any CPU
		{061D5CAF-3922-43AE-B0E5-B24FB906B92C}.Release|Any CPU.ActiveCfg = Release|Any CPU
		{061D5CAF-3922-43AE-B0E5-B24FB906B92C}.Release|Any CPU.Build.0 = Release|Any CPU
	EndGlobalSection
	GlobalSection(SolutionProperties) = preSolution
		HideSolutionNode = FALSE
	EndGlobalSection
	GlobalSection(ExtensibilityGlobals) = postSolution
		SolutionGuid = {030F03A3-9E77-4D28-85A2-81F5BF293AE7}
	EndGlobalSection
EndGlobal
