
Microsoft Visual Studio Solution File, Format Version 12.00
# Visual Studio Version 17
VisualStudioVersion = 17.4.33213.308
MinimumVisualStudioVersion = 10.0.40219.1
Project("{FAE04EC0-301F-11D3-BF4B-00C04F79EFBC}") = "Teste 1", "Teste 1\Teste 1.csproj", "{40B451C7-255A-4C02-B97C-657E3F5FA140}"
EndProject
Global
	GlobalSection(SolutionConfigurationPlatforms) = preSolution
		Debug|Any CPU = Debug|Any CPU
		Release|Any CPU = Release|Any CPU
	EndGlobalSection
	GlobalSection(ProjectConfigurationPlatforms) = postSolution
		{40B451C7-255A-4C02-B97C-657E3F5FA140}.Debug|Any CPU.ActiveCfg = Debug|Any CPU
		{40B451C7-255A-4C02-B97C-657E3F5FA140}.Debug|Any CPU.Build.0 = Debug|Any CPU
		{40B451C7-255A-4C02-B97C-657E3F5FA140}.Release|Any CPU.ActiveCfg = Release|Any CPU
		{40B451C7-255A-4C02-B97C-657E3F5FA140}.Release|Any CPU.Build.0 = Release|Any CPU
	EndGlobalSection
	GlobalSection(SolutionProperties) = preSolution
		HideSolutionNode = FALSE
	EndGlobalSection
	GlobalSection(ExtensibilityGlobals) = postSolution
		SolutionGuid = {A7E385AB-D2E6-4662-B05E-0B217409EA7C}
	EndGlobalSection
EndGlobal
